# THIS IS AN AUTOGENERATED FILE. DO NOT EDIT THIS FILE DIRECTLY.
# yarn lockfile v1
# bun ./bun.lockb --hash: 409888C36936F0A7-084d02a38ab166ca-537473F48FA2B562-9c07a944e48b358a


"@esbuild/aix-ppc64@0.20.2":
  version "0.20.2"
  resolved "https://registry.npmjs.org/@esbuild/aix-ppc64/-/aix-ppc64-0.20.2.tgz"
  integrity sha512-D+EBOJHXdNZcLJRBkhENNG8Wji2kgc9AZ9KiPr1JuZjsNtyHzrsfLRrY0tk2H2aoFu6RANO1y1iPPUCDYWkb5g==

"@esbuild/android-arm@0.20.2":
  version "0.20.2"
  resolved "https://registry.npmjs.org/@esbuild/android-arm/-/android-arm-0.20.2.tgz"
  integrity sha512-t98Ra6pw2VaDhqNWO2Oph2LXbz/EJcnLmKLGBJwEwXX/JAN83Fym1rU8l0JUWK6HkIbWONCSSatf4sf2NBRx/w==

"@esbuild/android-arm64@0.20.2":
  version "0.20.2"
  resolved "https://registry.npmjs.org/@esbuild/android-arm64/-/android-arm64-0.20.2.tgz"
  integrity sha512-mRzjLacRtl/tWU0SvD8lUEwb61yP9cqQo6noDZP/O8VkwafSYwZ4yWy24kan8jE/IMERpYncRt2dw438LP3Xmg==

"@esbuild/android-x64@0.20.2":
  version "0.20.2"
  resolved "https://registry.npmjs.org/@esbuild/android-x64/-/android-x64-0.20.2.tgz"
  integrity sha512-btzExgV+/lMGDDa194CcUQm53ncxzeBrWJcncOBxuC6ndBkKxnHdFJn86mCIgTELsooUmwUm9FkhSp5HYu00Rg==

"@esbuild/darwin-arm64@0.20.2":
  version "0.20.2"
  resolved "https://registry.npmjs.org/@esbuild/darwin-arm64/-/darwin-arm64-0.20.2.tgz"
  integrity sha512-4J6IRT+10J3aJH3l1yzEg9y3wkTDgDk7TSDFX+wKFiWjqWp/iCfLIYzGyasx9l0SAFPT1HwSCR+0w/h1ES/MjA==

"@esbuild/darwin-x64@0.20.2":
  version "0.20.2"
  resolved "https://registry.npmjs.org/@esbuild/darwin-x64/-/darwin-x64-0.20.2.tgz"
  integrity sha512-tBcXp9KNphnNH0dfhv8KYkZhjc+H3XBkF5DKtswJblV7KlT9EI2+jeA8DgBjp908WEuYll6pF+UStUCfEpdysA==

"@esbuild/freebsd-arm64@0.20.2":
  version "0.20.2"
  resolved "https://registry.npmjs.org/@esbuild/freebsd-arm64/-/freebsd-arm64-0.20.2.tgz"
  integrity sha512-d3qI41G4SuLiCGCFGUrKsSeTXyWG6yem1KcGZVS+3FYlYhtNoNgYrWcvkOoaqMhwXSMrZRl69ArHsGJ9mYdbbw==

"@esbuild/freebsd-x64@0.20.2":
  version "0.20.2"
  resolved "https://registry.npmjs.org/@esbuild/freebsd-x64/-/freebsd-x64-0.20.2.tgz"
  integrity sha512-d+DipyvHRuqEeM5zDivKV1KuXn9WeRX6vqSqIDgwIfPQtwMP4jaDsQsDncjTDDsExT4lR/91OLjRo8bmC1e+Cw==

"@esbuild/linux-arm@0.20.2":
  version "0.20.2"
  resolved "https://registry.npmjs.org/@esbuild/linux-arm/-/linux-arm-0.20.2.tgz"
  integrity sha512-VhLPeR8HTMPccbuWWcEUD1Az68TqaTYyj6nfE4QByZIQEQVWBB8vup8PpR7y1QHL3CpcF6xd5WVBU/+SBEvGTg==

"@esbuild/linux-arm64@0.20.2":
  version "0.20.2"
  resolved "https://registry.npmjs.org/@esbuild/linux-arm64/-/linux-arm64-0.20.2.tgz"
  integrity sha512-9pb6rBjGvTFNira2FLIWqDk/uaf42sSyLE8j1rnUpuzsODBq7FvpwHYZxQ/It/8b+QOS1RYfqgGFNLRI+qlq2A==

"@esbuild/linux-ia32@0.20.2":
  version "0.20.2"
  resolved "https://registry.npmjs.org/@esbuild/linux-ia32/-/linux-ia32-0.20.2.tgz"
  integrity sha512-o10utieEkNPFDZFQm9CoP7Tvb33UutoJqg3qKf1PWVeeJhJw0Q347PxMvBgVVFgouYLGIhFYG0UGdBumROyiig==

"@esbuild/linux-loong64@0.20.2":
  version "0.20.2"
  resolved "https://registry.npmjs.org/@esbuild/linux-loong64/-/linux-loong64-0.20.2.tgz"
  integrity sha512-PR7sp6R/UC4CFVomVINKJ80pMFlfDfMQMYynX7t1tNTeivQ6XdX5r2XovMmha/VjR1YN/HgHWsVcTRIMkymrgQ==

"@esbuild/linux-mips64el@0.20.2":
  version "0.20.2"
  resolved "https://registry.npmjs.org/@esbuild/linux-mips64el/-/linux-mips64el-0.20.2.tgz"
  integrity sha512-4BlTqeutE/KnOiTG5Y6Sb/Hw6hsBOZapOVF6njAESHInhlQAghVVZL1ZpIctBOoTFbQyGW+LsVYZ8lSSB3wkjA==

"@esbuild/linux-ppc64@0.20.2":
  version "0.20.2"
  resolved "https://registry.npmjs.org/@esbuild/linux-ppc64/-/linux-ppc64-0.20.2.tgz"
  integrity sha512-rD3KsaDprDcfajSKdn25ooz5J5/fWBylaaXkuotBDGnMnDP1Uv5DLAN/45qfnf3JDYyJv/ytGHQaziHUdyzaAg==

"@esbuild/linux-riscv64@0.20.2":
  version "0.20.2"
  resolved "https://registry.npmjs.org/@esbuild/linux-riscv64/-/linux-riscv64-0.20.2.tgz"
  integrity sha512-snwmBKacKmwTMmhLlz/3aH1Q9T8v45bKYGE3j26TsaOVtjIag4wLfWSiZykXzXuE1kbCE+zJRmwp+ZbIHinnVg==

"@esbuild/linux-s390x@0.20.2":
  version "0.20.2"
  resolved "https://registry.npmjs.org/@esbuild/linux-s390x/-/linux-s390x-0.20.2.tgz"
  integrity sha512-wcWISOobRWNm3cezm5HOZcYz1sKoHLd8VL1dl309DiixxVFoFe/o8HnwuIwn6sXre88Nwj+VwZUvJf4AFxkyrQ==

"@esbuild/linux-x64@0.20.2":
  version "0.20.2"
  resolved "https://registry.npmjs.org/@esbuild/linux-x64/-/linux-x64-0.20.2.tgz"
  integrity sha512-1MdwI6OOTsfQfek8sLwgyjOXAu+wKhLEoaOLTjbijk6E2WONYpH9ZU2mNtR+lZ2B4uwr+usqGuVfFT9tMtGvGw==

"@esbuild/netbsd-x64@0.20.2":
  version "0.20.2"
  resolved "https://registry.npmjs.org/@esbuild/netbsd-x64/-/netbsd-x64-0.20.2.tgz"
  integrity sha512-K8/DhBxcVQkzYc43yJXDSyjlFeHQJBiowJ0uVL6Tor3jGQfSGHNNJcWxNbOI8v5k82prYqzPuwkzHt3J1T1iZQ==

"@esbuild/openbsd-x64@0.20.2":
  version "0.20.2"
  resolved "https://registry.npmjs.org/@esbuild/openbsd-x64/-/openbsd-x64-0.20.2.tgz"
  integrity sha512-eMpKlV0SThJmmJgiVyN9jTPJ2VBPquf6Kt/nAoo6DgHAoN57K15ZghiHaMvqjCye/uU4X5u3YSMgVBI1h3vKrQ==

"@esbuild/sunos-x64@0.20.2":
  version "0.20.2"
  resolved "https://registry.npmjs.org/@esbuild/sunos-x64/-/sunos-x64-0.20.2.tgz"
  integrity sha512-2UyFtRC6cXLyejf/YEld4Hajo7UHILetzE1vsRcGL3earZEW77JxrFjH4Ez2qaTiEfMgAXxfAZCm1fvM/G/o8w==

"@esbuild/win32-arm64@0.20.2":
  version "0.20.2"
  resolved "https://registry.npmjs.org/@esbuild/win32-arm64/-/win32-arm64-0.20.2.tgz"
  integrity sha512-GRibxoawM9ZCnDxnP3usoUDO9vUkpAxIIZ6GQI+IlVmr5kP3zUq+l17xELTHMWTWzjxa2guPNyrpq1GWmPvcGQ==

"@esbuild/win32-ia32@0.20.2":
  version "0.20.2"
  resolved "https://registry.npmjs.org/@esbuild/win32-ia32/-/win32-ia32-0.20.2.tgz"
  integrity sha512-HfLOfn9YWmkSKRQqovpnITazdtquEW8/SoHW7pWpuEeguaZI4QnCRW6b+oZTztdBnZOS2hqJ6im/D5cPzBTTlQ==

"@esbuild/win32-x64@0.20.2":
  version "0.20.2"
  resolved "https://registry.npmjs.org/@esbuild/win32-x64/-/win32-x64-0.20.2.tgz"
  integrity sha512-N49X4lJX27+l9jbLKSqZ6bKNjzQvHaT8IIFUy+YIqmXQdjYCToGWwOItDrfby14c78aDd5NHQl29xingXfCdLQ==

"@hotwired/stimulus@^3.2.2":
  version "3.2.2"
  resolved "https://registry.npmjs.org/@hotwired/stimulus/-/stimulus-3.2.2.tgz"
  integrity sha512-eGeIqNOQpXoPAIP7tC1+1Yc1yl1xnwYqg+3mzqxyrbE5pg5YFBZcA6YoTiByJB6DKAEsiWtl6tjTJS4IYtbB7A==

"@hotwired/turbo@^8.0.4":
  version "8.0.4"
  resolved "https://registry.npmjs.org/@hotwired/turbo/-/turbo-8.0.4.tgz"
  integrity sha512-mlZEFUZrJnpfj+g/XeCWWuokvQyN68WvM78JM+0jfSFc98wegm259vCbC1zSllcspRwbgXK31ibehCy5PA78/Q==

"@hotwired/turbo-rails@^8.0.4":
  version "8.0.4"
  resolved "https://registry.npmjs.org/@hotwired/turbo-rails/-/turbo-rails-8.0.4.tgz"
  integrity sha512-GHCv5+B2VzYZZvMFpg/g9JLx/8pl/8chcubSB7T+Xn1zYOMqAKB6cT80vvWUzxdwfm/2KfaRysfDz+BmvtjFaw==
  dependencies:
    "@hotwired/turbo" "^8.0.4"
    "@rails/actioncable" "^7.0"

"@nodelib/fs.scandir@2.1.5":
  version "2.1.5"
  resolved "https://registry.npmjs.org/@nodelib/fs.scandir/-/fs.scandir-2.1.5.tgz"
  integrity sha512-vq24Bq3ym5HEQm2NKCr3yXDwjc7vTsEThRDnkp2DK9p1uqLR+DHurm/NOTo0KG7HYHU7eppKZj3MyqYuMBf62g==
  dependencies:
    "@nodelib/fs.stat" "2.0.5"
    run-parallel "^1.1.9"

"@nodelib/fs.stat@2.0.5", "@nodelib/fs.stat@^2.0.2":
  version "2.0.5"
  resolved "https://registry.npmjs.org/@nodelib/fs.stat/-/fs.stat-2.0.5.tgz"
  integrity sha512-RkhPPp2zrqDAQA/2jNhnztcPAlv64XdhIp7a7454A5ovI7Bukxgt7MX7udwAu3zg1DcpPU0rz3VV1SeaqvY4+A==

"@nodelib/fs.walk@^1.2.3":
  version "1.2.8"
  resolved "https://registry.npmjs.org/@nodelib/fs.walk/-/fs.walk-1.2.8.tgz"
  integrity sha512-oGB+UxlgWcgQkgwo8GcEGwemoTFt3FIO9ababBmaGwXIoBKZ+GTy0pP185beGg7Llih/NSHSV2XAs1lnznocSg==
  dependencies:
    "@nodelib/fs.scandir" "2.1.5"
    fastq "^1.6.0"

"@rails/actioncable@^7.0":
  version "7.1.3"
  resolved "https://registry.npmjs.org/@rails/actioncable/-/actioncable-7.1.3.tgz"
  integrity sha512-ojNvnoZtPN0pYvVFtlO7dyEN9Oml1B6IDM+whGKVak69MMYW99lC2NOWXWeE3bmwEydbP/nn6ERcpfjHVjYQjA==

"@rollup/rollup-android-arm-eabi@4.14.3":
  version "4.14.3"
  resolved "https://registry.npmjs.org/@rollup/rollup-android-arm-eabi/-/rollup-android-arm-eabi-4.14.3.tgz"
  integrity sha512-X9alQ3XM6I9IlSlmC8ddAvMSyG1WuHk5oUnXGw+yUBs3BFoTizmG1La/Gr8fVJvDWAq+zlYTZ9DBgrlKRVY06g==

"@rollup/rollup-android-arm64@4.14.3":
  version "4.14.3"
  resolved "https://registry.npmjs.org/@rollup/rollup-android-arm64/-/rollup-android-arm64-4.14.3.tgz"
  integrity sha512-eQK5JIi+POhFpzk+LnjKIy4Ks+pwJ+NXmPxOCSvOKSNRPONzKuUvWE+P9JxGZVxrtzm6BAYMaL50FFuPe0oWMQ==

"@rollup/rollup-darwin-arm64@4.14.3":
  version "4.14.3"
  resolved "https://registry.npmjs.org/@rollup/rollup-darwin-arm64/-/rollup-darwin-arm64-4.14.3.tgz"
  integrity sha512-Od4vE6f6CTT53yM1jgcLqNfItTsLt5zE46fdPaEmeFHvPs5SjZYlLpHrSiHEKR1+HdRfxuzXHjDOIxQyC3ptBA==

"@rollup/rollup-darwin-x64@4.14.3":
  version "4.14.3"
  resolved "https://registry.npmjs.org/@rollup/rollup-darwin-x64/-/rollup-darwin-x64-4.14.3.tgz"
  integrity sha512-0IMAO21axJeNIrvS9lSe/PGthc8ZUS+zC53O0VhF5gMxfmcKAP4ESkKOCwEi6u2asUrt4mQv2rjY8QseIEb1aw==

"@rollup/rollup-linux-arm-gnueabihf@4.14.3":
  version "4.14.3"
  resolved "https://registry.npmjs.org/@rollup/rollup-linux-arm-gnueabihf/-/rollup-linux-arm-gnueabihf-4.14.3.tgz"
  integrity sha512-ge2DC7tHRHa3caVEoSbPRJpq7azhG+xYsd6u2MEnJ6XzPSzQsTKyXvh6iWjXRf7Rt9ykIUWHtl0Uz3T6yXPpKw==

"@rollup/rollup-linux-arm-musleabihf@4.14.3":
  version "4.14.3"
  resolved "https://registry.npmjs.org/@rollup/rollup-linux-arm-musleabihf/-/rollup-linux-arm-musleabihf-4.14.3.tgz"
  integrity sha512-ljcuiDI4V3ySuc7eSk4lQ9wU8J8r8KrOUvB2U+TtK0TiW6OFDmJ+DdIjjwZHIw9CNxzbmXY39wwpzYuFDwNXuw==

"@rollup/rollup-linux-arm64-gnu@4.14.3":
  version "4.14.3"
  resolved "https://registry.npmjs.org/@rollup/rollup-linux-arm64-gnu/-/rollup-linux-arm64-gnu-4.14.3.tgz"
  integrity sha512-Eci2us9VTHm1eSyn5/eEpaC7eP/mp5n46gTRB3Aar3BgSvDQGJZuicyq6TsH4HngNBgVqC5sDYxOzTExSU+NjA==

"@rollup/rollup-linux-arm64-musl@4.14.3":
  version "4.14.3"
  resolved "https://registry.npmjs.org/@rollup/rollup-linux-arm64-musl/-/rollup-linux-arm64-musl-4.14.3.tgz"
  integrity sha512-UrBoMLCq4E92/LCqlh+blpqMz5h1tJttPIniwUgOFJyjWI1qrtrDhhpHPuFxULlUmjFHfloWdixtDhSxJt5iKw==

"@rollup/rollup-linux-powerpc64le-gnu@4.14.3":
  version "4.14.3"
  resolved "https://registry.npmjs.org/@rollup/rollup-linux-powerpc64le-gnu/-/rollup-linux-powerpc64le-gnu-4.14.3.tgz"
  integrity sha512-5aRjvsS8q1nWN8AoRfrq5+9IflC3P1leMoy4r2WjXyFqf3qcqsxRCfxtZIV58tCxd+Yv7WELPcO9mY9aeQyAmw==

"@rollup/rollup-linux-riscv64-gnu@4.14.3":
  version "4.14.3"
  resolved "https://registry.npmjs.org/@rollup/rollup-linux-riscv64-gnu/-/rollup-linux-riscv64-gnu-4.14.3.tgz"
  integrity sha512-sk/Qh1j2/RJSX7FhEpJn8n0ndxy/uf0kI/9Zc4b1ELhqULVdTfN6HL31CDaTChiBAOgLcsJ1sgVZjWv8XNEsAQ==

"@rollup/rollup-linux-s390x-gnu@4.14.3":
  version "4.14.3"
  resolved "https://registry.npmjs.org/@rollup/rollup-linux-s390x-gnu/-/rollup-linux-s390x-gnu-4.14.3.tgz"
  integrity sha512-jOO/PEaDitOmY9TgkxF/TQIjXySQe5KVYB57H/8LRP/ux0ZoO8cSHCX17asMSv3ruwslXW/TLBcxyaUzGRHcqg==

"@rollup/rollup-linux-x64-gnu@4.14.3":
  version "4.14.3"
  resolved "https://registry.npmjs.org/@rollup/rollup-linux-x64-gnu/-/rollup-linux-x64-gnu-4.14.3.tgz"
  integrity sha512-8ybV4Xjy59xLMyWo3GCfEGqtKV5M5gCSrZlxkPGvEPCGDLNla7v48S662HSGwRd6/2cSneMQWiv+QzcttLrrOA==

"@rollup/rollup-linux-x64-musl@4.14.3":
  version "4.14.3"
  resolved "https://registry.npmjs.org/@rollup/rollup-linux-x64-musl/-/rollup-linux-x64-musl-4.14.3.tgz"
  integrity sha512-s+xf1I46trOY10OqAtZ5Rm6lzHre/UiLA1J2uOhCFXWkbZrJRkYBPO6FhvGfHmdtQ3Bx793MNa7LvoWFAm93bg==

"@rollup/rollup-win32-arm64-msvc@4.14.3":
  version "4.14.3"
  resolved "https://registry.npmjs.org/@rollup/rollup-win32-arm64-msvc/-/rollup-win32-arm64-msvc-4.14.3.tgz"
  integrity sha512-+4h2WrGOYsOumDQ5S2sYNyhVfrue+9tc9XcLWLh+Kw3UOxAvrfOrSMFon60KspcDdytkNDh7K2Vs6eMaYImAZg==

"@rollup/rollup-win32-ia32-msvc@4.14.3":
  version "4.14.3"
  resolved "https://registry.npmjs.org/@rollup/rollup-win32-ia32-msvc/-/rollup-win32-ia32-msvc-4.14.3.tgz"
  integrity sha512-T1l7y/bCeL/kUwh9OD4PQT4aM7Bq43vX05htPJJ46RTI4r5KNt6qJRzAfNfM+OYMNEVBWQzR2Gyk+FXLZfogGw==

"@rollup/rollup-win32-x64-msvc@4.14.3":
  version "4.14.3"
  resolved "https://registry.npmjs.org/@rollup/rollup-win32-x64-msvc/-/rollup-win32-x64-msvc-4.14.3.tgz"
  integrity sha512-/BypzV0H1y1HzgYpxqRaXGBRqfodgoBBCcsrujT6QRcakDQdfU+Lq9PENPh5jB4I44YWq+0C2eHsHya+nZY1sA==

"@types/estree@1.0.5":
  version "1.0.5"
  resolved "https://registry.npmjs.org/@types/estree/-/estree-1.0.5.tgz"
  integrity sha512-/kYRxGDLWzHOB7q+wtSUQlFrtcdUccpfy+X+9iMBpHK8QLLhx2wIPYuS5DYtR9Wa/YlZAbIovy7qVdB1Aq6Lyw==

autoprefixer@^10.4.14:
  version "10.4.19"
  resolved "https://registry.npmjs.org/autoprefixer/-/autoprefixer-10.4.19.tgz"
  integrity sha512-BaENR2+zBZ8xXhM4pUaKUxlVdxZ0EZhjvbopwnXmxRUfqDmwSpC2lAi/QXvx7NRdPCo1WKEcEF6mV64si1z4Ew==
  dependencies:
    browserslist "^4.23.0"
    caniuse-lite "^1.0.30001599"
    fraction.js "^4.3.7"
    normalize-range "^0.1.2"
    picocolors "^1.0.0"
    postcss-value-parser "^4.2.0"

braces@^3.0.2:
  version "3.0.2"
  resolved "https://registry.npmjs.org/braces/-/braces-3.0.2.tgz"
  integrity sha512-b8um+L1RzM3WDSzvhm6gIz1yfTbBt6YTlcEKAvsmqCZZFw46z626lVj9j1yEPW33H5H+lBQpZMP1k8l+78Ha0A==
  dependencies:
    fill-range "^7.0.1"

"browserslist@>= 4.21.0", browserslist@^4.23.0:
  version "4.23.0"
  resolved "https://registry.npmjs.org/browserslist/-/browserslist-4.23.0.tgz"
  integrity sha512-QW8HiM1shhT2GuzkvklfjcKDiWFXHOeFCIA/huJPwHsslwcydgk7X+z2zXpEijP98UCY7HbubZt5J2Zgvf0CaQ==
  dependencies:
    caniuse-lite "^1.0.30001587"
    electron-to-chromium "^1.4.668"
    node-releases "^2.0.14"
    update-browserslist-db "^1.0.13"

caniuse-lite@^1.0.30001587, caniuse-lite@^1.0.30001599:
  version "1.0.30001611"
  resolved "https://registry.npmjs.org/caniuse-lite/-/caniuse-lite-1.0.30001611.tgz"
  integrity sha512-19NuN1/3PjA3QI8Eki55N8my4LzfkMCRLgCVfrl/slbSAchQfV0+GwjPrK3rq37As4UCLlM/DHajbKkAqbv92Q==

debug@^4.3, debug@^4.3.4:
  version "4.3.4"
  resolved "https://registry.npmjs.org/debug/-/debug-4.3.4.tgz"
  integrity sha512-PRWFHuSU3eDtQJPvnNY7Jcket1j0t5OuOsFzPPzsekD52Zl8qUfFIPEiswXqIvHWGVHOgX+7G/vCNNhehwxfkQ==
  dependencies:
    ms "2.1.2"

electron-to-chromium@^1.4.668:
  version "1.4.744"
  resolved "https://registry.npmjs.org/electron-to-chromium/-/electron-to-chromium-1.4.744.tgz"
  integrity sha512-nAGcF0yeKKfrP13LMFr5U1eghfFSvFLg302VUFzWlcjPOnUYd52yU5x6PBYrujhNbc4jYmZFrGZFK+xasaEzVA==

esbuild@^0.20.1:
  version "0.20.2"
  resolved "https://registry.npmjs.org/esbuild/-/esbuild-0.20.2.tgz"
  integrity sha512-WdOOppmUNU+IbZ0PaDiTst80zjnrOkyJNHoKupIcVyU8Lvla3Ugx94VzkQ32Ijqd7UhHJy75gNWDMUekcrSJ6g==
  optionalDependencies:
    "@esbuild/aix-ppc64" "0.20.2"
    "@esbuild/android-arm" "0.20.2"
    "@esbuild/android-arm64" "0.20.2"
    "@esbuild/android-x64" "0.20.2"
    "@esbuild/darwin-arm64" "0.20.2"
    "@esbuild/darwin-x64" "0.20.2"
    "@esbuild/freebsd-arm64" "0.20.2"
    "@esbuild/freebsd-x64" "0.20.2"
    "@esbuild/linux-arm" "0.20.2"
    "@esbuild/linux-arm64" "0.20.2"
    "@esbuild/linux-ia32" "0.20.2"
    "@esbuild/linux-loong64" "0.20.2"
    "@esbuild/linux-mips64el" "0.20.2"
    "@esbuild/linux-ppc64" "0.20.2"
    "@esbuild/linux-riscv64" "0.20.2"
    "@esbuild/linux-s390x" "0.20.2"
    "@esbuild/linux-x64" "0.20.2"
    "@esbuild/netbsd-x64" "0.20.2"
    "@esbuild/openbsd-x64" "0.20.2"
    "@esbuild/sunos-x64" "0.20.2"
    "@esbuild/win32-arm64" "0.20.2"
    "@esbuild/win32-ia32" "0.20.2"
    "@esbuild/win32-x64" "0.20.2"

escalade@^3.1.1:
  version "3.1.2"
  resolved "https://registry.npmjs.org/escalade/-/escalade-3.1.2.tgz"
  integrity sha512-ErCHMCae19vR8vQGe50xIsVomy19rg6gFu3+r3jkEO46suLMWBksvVyoGgQV+jOfl84ZSOSlmv6Gxa89PmTGmA==

fast-glob@^3.3.2:
  version "3.3.2"
  resolved "https://registry.npmjs.org/fast-glob/-/fast-glob-3.3.2.tgz"
  integrity sha512-oX2ruAFQwf/Orj8m737Y5adxDQO0LAB7/S5MnxCdTNDd4p6BsyIVsv9JQsATbTSq8KHRpLwIHbVlUNatxd+1Ow==
  dependencies:
    "@nodelib/fs.stat" "^2.0.2"
    "@nodelib/fs.walk" "^1.2.3"
    glob-parent "^5.1.2"
    merge2 "^1.3.0"
    micromatch "^4.0.4"

fastq@^1.6.0:
  version "1.17.1"
  resolved "https://registry.npmjs.org/fastq/-/fastq-1.17.1.tgz"
  integrity sha512-sRVD3lWVIXWg6By68ZN7vho9a1pQcN/WBFaAAsDDFzlJjvoGx0P8z7V1t72grFJfJhu3YPZBuu25f7Kaw2jN1w==
  dependencies:
    reusify "^1.0.4"

fill-range@^7.0.1:
  version "7.0.1"
  resolved "https://registry.npmjs.org/fill-range/-/fill-range-7.0.1.tgz"
  integrity sha512-qOo9F+dMUmC2Lcb4BbVvnKJxTPjCm+RRpe4gDuGrzkL7mEVl/djYSu2OdQ2Pa302N4oqkSg9ir6jaLWJ2USVpQ==
  dependencies:
    to-regex-range "^5.0.1"

fraction.js@^4.3.7:
  version "4.3.7"
  resolved "https://registry.npmjs.org/fraction.js/-/fraction.js-4.3.7.tgz"
  integrity sha512-ZsDfxO51wGAXREY55a7la9LScWpwv9RxIrYABrlvOFBlH/ShPnrtsXeuUIfXKKOVicNxQ+o8JTbJvjS4M89yew==

fsevents@~2.3.2, fsevents@~2.3.3:
  version "2.3.3"
  resolved "https://registry.npmjs.org/fsevents/-/fsevents-2.3.3.tgz"
  integrity sha512-5xoDfX+fL7faATnagmWPpbFtwh/R77WmMMqqHGS65C3vvB0YHrgF+B1YmZ3441tMj5n63k0212XNoJwzlhffQw==

glob-parent@^5.1.2:
  version "5.1.2"
  resolved "https://registry.npmjs.org/glob-parent/-/glob-parent-5.1.2.tgz"
  integrity sha512-AOIgSQCepiJYwP3ARnGx+5VnTu2HBYdzbGP45eLw1vr3zB3vZLeyed1sC9hnbcOc9/SrMyM5RPQrkGz4aS9Zow==
  dependencies:
    is-glob "^4.0.1"

is-extglob@^2.1.1:
  version "2.1.1"
  resolved "https://registry.npmjs.org/is-extglob/-/is-extglob-2.1.1.tgz"
  integrity sha512-SbKbANkN603Vi4jEZv49LeVJMn4yGwsbzZworEoyEiutsN3nJYdbO36zfhGJ6QEDpOZIFkDtnq5JRxmvl3jsoQ==

is-glob@^4.0.1:
  version "4.0.3"
  resolved "https://registry.npmjs.org/is-glob/-/is-glob-4.0.3.tgz"
  integrity sha512-xelSayHH36ZgE7ZWhli7pW34hNbNl8Ojv5KVmkJD4hBdD3th8Tfk9vYasLM+mXWOZhFkgZfxhLSnrwRr4elSSg==
  dependencies:
    is-extglob "^2.1.1"

is-number@^7.0.0:
  version "7.0.0"
  resolved "https://registry.npmjs.org/is-number/-/is-number-7.0.0.tgz"
  integrity sha512-41Cifkg6e8TylSpdtTpeLVMqvSBEVzTttHvERD741+pnZ8ANv0004MRL43QKPDlK9cGvNp6NZWZUBlbGXYxxng==

merge2@^1.3.0:
  version "1.4.1"
  resolved "https://registry.npmjs.org/merge2/-/merge2-1.4.1.tgz"
  integrity sha512-8q7VEgMJW4J8tcfVPy8g09NcQwZdbwFEqhe/WZkoIzjn/3TGDwtOCYtXGxA3O8tPzpczCCDgv+P2P5y00ZJOOg==

micromatch@^4.0.4:
  version "4.0.5"
  resolved "https://registry.npmjs.org/micromatch/-/micromatch-4.0.5.tgz"
  integrity sha512-DMy+ERcEW2q8Z2Po+WNXuw3c5YaUSFjAO5GsJqfEl7UjvtIuFKO6ZrKvcItdy98dwFI2N1tg3zNIdKaQT+aNdA==
  dependencies:
    braces "^3.0.2"
    picomatch "^2.3.1"

modern-normalize@^2.0.0:
  version "2.0.0"
  resolved "https://registry.npmjs.org/modern-normalize/-/modern-normalize-2.0.0.tgz"
  integrity sha512-CxBoEVKh5U4DH3XuNbc5ONLF6dQBc8dSc7pdZ1957FGbIO5JBqGqqchhET9dTexri8/pk9xBL6+5ceOtCIp1QA==

ms@2.1.2:
  version "2.1.2"
  resolved "https://registry.npmjs.org/ms/-/ms-2.1.2.tgz"
  integrity sha512-sGkPx+VjMtmA6MX27oA4FBFELFCZZ4S4XqeGOXCv68tT+jb3vk/RyaKWP0PTKyWtmLSM0b+adUTEvbs1PEaH2w==

nanoid@^3.3.7:
  version "3.3.7"
  resolved "https://registry.npmjs.org/nanoid/-/nanoid-3.3.7.tgz"
  integrity sha512-eSRppjcPIatRIMC1U6UngP8XFcz8MQWGQdt1MTBQ7NaAmvXDfvNxbvWV3x2y6CdEUciCSsDHDQZbhYaB8QEo2g==

node-releases@^2.0.14:
  version "2.0.14"
  resolved "https://registry.npmjs.org/node-releases/-/node-releases-2.0.14.tgz"
  integrity sha512-y10wOWt8yZpqXmOgRo77WaHEmhYQYGNA6y421PKsKYWEK8aW+cqAphborZDhqfyKrbZEN92CN1X2KbafY2s7Yw==

normalize-range@^0.1.2:
  version "0.1.2"
  resolved "https://registry.npmjs.org/normalize-range/-/normalize-range-0.1.2.tgz"
  integrity sha512-bdok/XvKII3nUpklnV6P2hxtMNrCboOjAcyBuQnWEhO665FwrSNRxU+AqpsyvO6LgGYPspN+lu5CLtw4jPRKNA==

picocolors@^1.0.0:
  version "1.0.0"
  resolved "https://registry.npmjs.org/picocolors/-/picocolors-1.0.0.tgz"
  integrity sha512-1fygroTLlHu66zi26VoTDv8yRgm0Fccecssto+MhsZ0D/DGW2sm8E8AjW7NU5VVTRt5GxbeZ5qBuJr+HyLYkjQ==

picomatch@^2.3.1:
  version "2.3.1"
  resolved "https://registry.npmjs.org/picomatch/-/picomatch-2.3.1.tgz"
  integrity sha512-JU3teHTNjmE2VCGFzuY8EXzCDVwEqB2a8fsIvwaStHhAWJEeVd1o1QD80CU6+ZdEXXSLbSsuLwJjkCBWqRQUVA==

postcss@^8.1.0, postcss@^8.4.24, postcss@^8.4.38:
  version "8.4.38"
  resolved "https://registry.npmjs.org/postcss/-/postcss-8.4.38.tgz"
  integrity sha512-Wglpdk03BSfXkHoQa3b/oulrotAkwrlLDRSOb9D0bN86FdRyE9lppSp33aHNPgBa0JKCoB+drFLZkQoRRYae5A==
  dependencies:
    nanoid "^3.3.7"
    picocolors "^1.0.0"
    source-map-js "^1.2.0"

postcss-value-parser@^4.2.0:
  version "4.2.0"
  resolved "https://registry.npmjs.org/postcss-value-parser/-/postcss-value-parser-4.2.0.tgz"
  integrity sha512-1NNCs6uurfkVbeXG4S8JFT9t19m45ICnif8zWLd5oPSZ50QnwMfK+H3jv408d4jw/7Bttv5axS5IiHoLaVNHeQ==

queue-microtask@^1.2.2:
  version "1.2.3"
  resolved "https://registry.npmjs.org/queue-microtask/-/queue-microtask-1.2.3.tgz"
  integrity sha512-NuaNSa6flKT5JaSYQzJok04JzTL1CA6aGhv5rfLW3PgqA+M2ChpZQnAC8h8i4ZFkBS8X5RqkDBHA7r4hej3K9A==

reusify@^1.0.4:
  version "1.0.4"
  resolved "https://registry.npmjs.org/reusify/-/reusify-1.0.4.tgz"
  integrity sha512-U9nH88a3fc/ekCF1l0/UP1IosiuIjyTh7hBvXVMHYgVcfGvt897Xguj2UOLDeI5BG2m7/uwyaLVT6fbtCwTyzw==

rollup@>=2.0.0, rollup@^4.13.0, rollup@^4.2.0:
  version "4.14.3"
  resolved "https://registry.npmjs.org/rollup/-/rollup-4.14.3.tgz"
  integrity sha512-ag5tTQKYsj1bhrFC9+OEWqb5O6VYgtQDO9hPDBMmIbePwhfSr+ExlcU741t8Dhw5DkPCQf6noz0jb36D6W9/hw==
  dependencies:
    "@types/estree" "1.0.5"
  optionalDependencies:
    fsevents "~2.3.2"
    "@rollup/rollup-darwin-arm64" "4.14.3"
    "@rollup/rollup-android-arm64" "4.14.3"
    "@rollup/rollup-win32-arm64-msvc" "4.14.3"
    "@rollup/rollup-linux-arm64-gnu" "4.14.3"
    "@rollup/rollup-linux-arm64-musl" "4.14.3"
    "@rollup/rollup-android-arm-eabi" "4.14.3"
    "@rollup/rollup-linux-arm-gnueabihf" "4.14.3"
    "@rollup/rollup-linux-arm-musleabihf" "4.14.3"
    "@rollup/rollup-win32-ia32-msvc" "4.14.3"
    "@rollup/rollup-linux-riscv64-gnu" "4.14.3"
    "@rollup/rollup-linux-powerpc64le-gnu" "4.14.3"
    "@rollup/rollup-linux-s390x-gnu" "4.14.3"
    "@rollup/rollup-darwin-x64" "4.14.3"
    "@rollup/rollup-win32-x64-msvc" "4.14.3"
    "@rollup/rollup-linux-x64-gnu" "4.14.3"
    "@rollup/rollup-linux-x64-musl" "4.14.3"

rollup-plugin-gzip@^3.1.0:
  version "3.1.2"
  resolved "https://registry.npmjs.org/rollup-plugin-gzip/-/rollup-plugin-gzip-3.1.2.tgz"
  integrity sha512-9xemMyvCjkklgNpu6jCYqQAbvCLJzA2nilkiOGzFuXTUX3cXEFMwIhsIBRF7kTKD/SnZ1tNPcxFm4m4zJ3VfNQ==

run-parallel@^1.1.9:
  version "1.2.0"
  resolved "https://registry.npmjs.org/run-parallel/-/run-parallel-1.2.0.tgz"
  integrity sha512-5l4VyZR86LZ/lDxZTR6jqL8AFE2S0IFLMP26AbjsLVADxHdhB/c0GUsH+y39UfCi3dzz8OlQuPmnaJOMoDHQBA==
  dependencies:
    queue-microtask "^1.2.2"

source-map-js@^1.2.0:
  version "1.2.0"
  resolved "https://registry.npmjs.org/source-map-js/-/source-map-js-1.2.0.tgz"
  integrity sha512-itJW8lvSA0TXEphiRoawsCksnlf8SyvmFzIhltqAHluXd88pkCd+cXJVHTDwdCr0IzwptSm035IHQktUu1QUMg==

stimulus-vite-helpers@^3.0.0, stimulus-vite-helpers@^3.1.0:
  version "3.1.0"
  resolved "https://registry.npmjs.org/stimulus-vite-helpers/-/stimulus-vite-helpers-3.1.0.tgz"
  integrity sha512-qy9vnNnu6e/1PArEndp456BuSKLQkBgc+vX2pedOHT0N4GSLQY0l5fuQ4ft56xZ8xSWqrfuYSR+GXXIPtoESww==

to-regex-range@^5.0.1:
  version "5.0.1"
  resolved "https://registry.npmjs.org/to-regex-range/-/to-regex-range-5.0.1.tgz"
  integrity sha512-65P7iz6X5yEr1cwcgvQxbbIw7Uk3gOy5dIdtZ4rDveLqhrdJP+Li/Hx6tyK0NEb+2GCyneCMJiGqrADCSNk8sQ==
  dependencies:
    is-number "^7.0.0"

update-browserslist-db@^1.0.13:
  version "1.0.13"
  resolved "https://registry.npmjs.org/update-browserslist-db/-/update-browserslist-db-1.0.13.tgz"
  integrity sha512-xebP81SNcPuNpPP3uzeW1NYXxI3rxyJzF3pD6sH4jE7o/IX+WtSpwnVU+qIsDPyk0d3hmFQ7mjqc6AtV604hbg==
  dependencies:
    escalade "^3.1.1"
    picocolors "^1.0.0"

"vite@>= 2.7", vite@>=5.0.0, vite@^5.0.0:
  version "5.2.9"
  resolved "https://registry.npmjs.org/vite/-/vite-5.2.9.tgz"
  integrity sha512-uOQWfuZBlc6Y3W/DTuQ1Sr+oIXWvqljLvS881SVmAj00d5RdgShLcuXWxseWPd4HXwiYBFW/vXHfKFeqj9uQnw==
  dependencies:
    esbuild "^0.20.1"
    postcss "^8.4.38"
    rollup "^4.13.0"
  optionalDependencies:
    fsevents "~2.3.3"

vite-plugin-environment@^1.1.3:
  version "1.1.3"
  resolved "https://registry.npmjs.org/vite-plugin-environment/-/vite-plugin-environment-1.1.3.tgz"
  integrity sha512-9LBhB0lx+2lXVBEWxFZC+WO7PKEyE/ykJ7EPWCq95NEcCpblxamTbs5Dm3DLBGzwODpJMEnzQywJU8fw6XGGGA==

vite-plugin-full-reload@^1.1.0:
  version "1.1.0"
  resolved "https://registry.npmjs.org/vite-plugin-full-reload/-/vite-plugin-full-reload-1.1.0.tgz"
  integrity sha512-3cObNDzX6DdfhD9E7kf6w2mNunFpD7drxyNgHLw+XwIYAgb+Xt16SEXo0Up4VH+TMf3n+DSVJZtW2POBGcBYAA==
  dependencies:
    picocolors "^1.0.0"
    picomatch "^2.3.1"

vite-plugin-manifest-sri@^0.2.0:
  version "0.2.0"
  resolved "https://registry.npmjs.org/vite-plugin-manifest-sri/-/vite-plugin-manifest-sri-0.2.0.tgz"
  integrity sha512-Zt5jt19xTIJ91LOuQTCtNG7rTFc5OziAjBz2H5NdCGqaOD1nxrWExLhcKW+W4/q8/jOPCg/n5ncYEQmqCxiGQQ==

vite-plugin-rails@^0.5.0:
  version "0.5.0"
  resolved "https://registry.npmjs.org/vite-plugin-rails/-/vite-plugin-rails-0.5.0.tgz"
  integrity sha512-PR3zTHW96X8c7dRsuL2Mu1EAXXeO8fQjQ2KanwIC7EWgBST+D8AKjJyEUAr13IakrIYvd1cM3LcQUcrKmCMePg==
  dependencies:
    rollup-plugin-gzip "^3.1.0"
    vite-plugin-environment "^1.1.3"
    vite-plugin-full-reload "^1.1.0"
    vite-plugin-manifest-sri "^0.2.0"
    vite-plugin-ruby "^5.0.0"
    vite-plugin-stimulus-hmr "^3.0.0"

vite-plugin-ruby@^5.0.0:
  version "5.0.0"
  resolved "https://registry.npmjs.org/vite-plugin-ruby/-/vite-plugin-ruby-5.0.0.tgz"
  integrity sha512-c8PjTp21Ah/ttgnNUyu0qvCXZI08Jr9I24oUKg3TRIRhF5GcOZ++6wtlTCrNFd9COEQbpXHxlRIXd/MEg0iZJw==
  dependencies:
    debug "^4.3.4"
    fast-glob "^3.3.2"

vite-plugin-stimulus-hmr@^3.0.0:
  version "3.0.0"
  resolved "https://registry.npmjs.org/vite-plugin-stimulus-hmr/-/vite-plugin-stimulus-hmr-3.0.0.tgz"
  integrity sha512-KElOiZOlaG4XilQQHrzK8M1u5UfK4EFfADJKQYbnmsUMifDOnPR6anVYgHAN95QyWJ67Q/rYWe5BB9M5OxocfQ==
  dependencies:
    debug "^4.3"
    stimulus-vite-helpers "^3.0.0"
